
Microsoft Visual Studio Solution File, Format Version 12.00
# Visual Studio Version 17
VisualStudioVersion = 17.14.36221.1 d17.14
MinimumVisualStudioVersion = 10.0.40219.1
Project("{FAE04EC0-301F-11D3-BF4B-00C04F79EFBC}") = "Recycli", "Recycli.csproj", "{BAB90D7C-674E-4849-A305-F64576D8D140}"
EndProject
Global
	GlobalSection(SolutionConfigurationPlatforms) = preSolution
		Debug|Any CPU = Debug|Any CPU
		Release|Any CPU = Release|Any CPU
	EndGlobalSection
	GlobalSection(ProjectConfigurationPlatforms) = postSolution
		{BAB90D7C-674E-4849-A305-F64576D8D140}.Debug|Any CPU.ActiveCfg = Debug|Any CPU
		{BAB90D7C-674E-4849-A305-F64576D8D140}.Debug|Any CPU.Build.0 = Debug|Any CPU
		{BAB90D7C-674E-4849-A305-F64576D8D140}.Release|Any CPU.ActiveCfg = Release|Any CPU
		{BAB90D7C-674E-4849-A305-F64576D8D140}.Release|Any CPU.Build.0 = Release|Any CPU
	EndGlobalSection
	GlobalSection(SolutionProperties) = preSolution
		HideSolutionNode = FALSE
	EndGlobalSection
	GlobalSection(ExtensibilityGlobals) = postSolution
		SolutionGuid = {9D40E041-26FE-40B5-86D5-450EA1A345C6}
	EndGlobalSection
EndGlobal
